// !$*UTF8*$!
{
	archiveVersion = 1;
	classes = {
	};
	objectVersion = 50;
	objects = {

/* Begin PBXBuildFile section */
		0989F2F5D02B2DE1F1989C0E /* Pods_StarWarsOpedia.framework in Frameworks */ = {isa = PBXBuildFile; fileRef = 7A7ACACBBAD1C540F0CCCE95 /* Pods_StarWarsOpedia.framework */; };
		1FFB53A528AE699700B6DC7E /* AppDelegate.swift in Sources */ = {isa = PBXBuildFile; fileRef = 1FFB53A428AE699700B6DC7E /* AppDelegate.swift */; };
		1FFB53A728AE699700B6DC7E /* SceneDelegate.swift in Sources */ = {isa = PBXBuildFile; fileRef = 1FFB53A628AE699700B6DC7E /* SceneDelegate.swift */; };
		1FFB53A928AE699700B6DC7E /* ContentView.swift in Sources */ = {isa = PBXBuildFile; fileRef = 1FFB53A828AE699700B6DC7E /* ContentView.swift */; };
		1FFB53AB28AE699A00B6DC7E /* Assets.xcassets in Resources */ = {isa = PBXBuildFile; fileRef = 1FFB53AA28AE699A00B6DC7E /* Assets.xcassets */; };
		1FFB53AE28AE699A00B6DC7E /* Preview Assets.xcassets in Resources */ = {isa = PBXBuildFile; fileRef = 1FFB53AD28AE699A00B6DC7E /* Preview Assets.xcassets */; };
		1FFB53B128AE699A00B6DC7E /* LaunchScreen.storyboard in Resources */ = {isa = PBXBuildFile; fileRef = 1FFB53AF28AE699A00B6DC7E /* LaunchScreen.storyboard */; };
/* End PBXBuildFile section */

/* Begin PBXFileReference section */
		1FFB53A128AE699700B6DC7E /* StarWarsOpedia.app */ = {isa = PBXFileReference; explicitFileType = wrapper.application; includeInIndex = 0; path = StarWarsOpedia.app; sourceTree = BUILT_PRODUCTS_DIR; };
		1FFB53A428AE699700B6DC7E /* AppDelegate.swift */ = {isa = PBXFileReference; lastKnownFileType = sourcecode.swift; path = AppDelegate.swift; sourceTree = "<group>"; };
		1FFB53A628AE699700B6DC7E /* SceneDelegate.swift */ = {isa = PBXFileReference; lastKnownFileType = sourcecode.swift; path = SceneDelegate.swift; sourceTree = "<group>"; };
		1FFB53A828AE699700B6DC7E /* ContentView.swift */ = {isa = PBXFileReference; lastKnownFileType = sourcecode.swift; path = ContentView.swift; sourceTree = "<group>"; };
		1FFB53AA28AE699A00B6DC7E /* Assets.xcassets */ = {isa = PBXFileReference; lastKnownFileType = folder.assetcatalog; path = Assets.xcassets; sourceTree = "<group>"; };
		1FFB53AD28AE699A00B6DC7E /* Preview Assets.xcassets */ = {isa = PBXFileReference; lastKnownFileType = folder.assetcatalog; path = "Preview Assets.xcassets"; sourceTree = "<group>"; };
		1FFB53B028AE699A00B6DC7E /* Base */ = {isa = PBXFileReference; lastKnownFileType = file.storyboard; name = Base; path = Base.lproj/LaunchScreen.storyboard; sourceTree = "<group>"; };
		1FFB53B228AE699A00B6DC7E /* Info.plist */ = {isa = PBXFileReference; lastKnownFileType = text.plist.xml; path = Info.plist; sourceTree = "<group>"; };
		418FA72BE459243FF5021052 /* Pods-StarWarsOpedia.release.xcconfig */ = {isa = PBXFileReference; includeInIndex = 1; lastKnownFileType = text.xcconfig; name = "Pods-StarWarsOpedia.release.xcconfig"; path = "Target Support Files/Pods-StarWarsOpedia/Pods-StarWarsOpedia.release.xcconfig"; sourceTree = "<group>"; };
		7A7ACACBBAD1C540F0CCCE95 /* Pods_StarWarsOpedia.framework */ = {isa = PBXFileReference; explicitFileType = wrapper.framework; includeInIndex = 0; path = Pods_StarWarsOpedia.framework; sourceTree = BUILT_PRODUCTS_DIR; };
		99EC6B97DA0D7A728B285079 /* Pods-StarWarsOpedia.debug.xcconfig */ = {isa = PBXFileReference; includeInIndex = 1; lastKnownFileType = text.xcconfig; name = "Pods-StarWarsOpedia.debug.xcconfig"; path = "Target Support Files/Pods-StarWarsOpedia/Pods-StarWarsOpedia.debug.xcconfig"; sourceTree = "<group>"; };
/* End PBXFileReference section */

/* Begin PBXFrameworksBuildPhase section */
		1FFB539E28AE699700B6DC7E /* Frameworks */ = {
			isa = PBXFrameworksBuildPhase;
			buildActionMask = 2147483647;
			files = (
				0989F2F5D02B2DE1F1989C0E /* Pods_StarWarsOpedia.framework in Frameworks */,
			);
			runOnlyForDeploymentPostprocessing = 0;
		};
/* End PBXFrameworksBuildPhase section */

/* Begin PBXGroup section */
		1FFB539828AE699700B6DC7E = {
			isa = PBXGroup;
			children = (
				1FFB53A328AE699700B6DC7E /* StarWarsOpedia */,
				1FFB53A228AE699700B6DC7E /* Products */,
				8387756F4F6AF608E26BF96A /* Pods */,
				9751333AA687A7AC557EE2AB /* Frameworks */,
			);
			sourceTree = "<group>";
		};
		1FFB53A228AE699700B6DC7E /* Products */ = {
			isa = PBXGroup;
			children = (
				1FFB53A128AE699700B6DC7E /* StarWarsOpedia.app */,
			);
			name = Products;
			sourceTree = "<group>";
		};
		1FFB53A328AE699700B6DC7E /* StarWarsOpedia */ = {
			isa = PBXGroup;
			children = (
				1FFB53A428AE699700B6DC7E /* AppDelegate.swift */,
				1FFB53A628AE699700B6DC7E /* SceneDelegate.swift */,
				1FFB53A828AE699700B6DC7E /* ContentView.swift */,
				1FFB53AA28AE699A00B6DC7E /* Assets.xcassets */,
				1FFB53AF28AE699A00B6DC7E /* LaunchScreen.storyboard */,
				1FFB53B228AE699A00B6DC7E /* Info.plist */,
				1FFB53AC28AE699A00B6DC7E /* Preview Content */,
			);
			path = StarWarsOpedia;
			sourceTree = "<group>";
		};
		1FFB53AC28AE699A00B6DC7E /* Preview Content */ = {
			isa = PBXGroup;
			children = (
				1FFB53AD28AE699A00B6DC7E /* Preview Assets.xcassets */,
			);
			path = "Preview Content";
			sourceTree = "<group>";
		};
		8387756F4F6AF608E26BF96A /* Pods */ = {
			isa = PBXGroup;
			children = (
				99EC6B97DA0D7A728B285079 /* Pods-StarWarsOpedia.debug.xcconfig */,
				418FA72BE459243FF5021052 /* Pods-StarWarsOpedia.release.xcconfig */,
			);
			name = Pods;
			path = Pods;
			sourceTree = "<group>";
		};
		9751333AA687A7AC557EE2AB /* Frameworks */ = {
			isa = PBXGroup;
			children = (
				7A7ACACBBAD1C540F0CCCE95 /* Pods_StarWarsOpedia.framework */,
			);
			name = Frameworks;
			sourceTree = "<group>";
		};
/* End PBXGroup section */

/* Begin PBXNativeTarget section */
		1FFB53A028AE699700B6DC7E /* StarWarsOpedia */ = {
			isa = PBXNativeTarget;
			buildConfigurationList = 1FFB53B528AE699A00B6DC7E /* Build configuration list for PBXNativeTarget "StarWarsOpedia" */;
			buildPhases = (
				24D34E5111902BC81604CDF7 /* [CP] Check Pods Manifest.lock */,
				1FFB539D28AE699700B6DC7E /* Sources */,
				1FFB539E28AE699700B6DC7E /* Frameworks */,
				1FFB539F28AE699700B6DC7E /* Resources */,
				FEF847A8E82A0FC5F8055D08 /* [CP] Embed Pods Frameworks */,
			);
			buildRules = (
			);
			dependencies = (
			);
			name = StarWarsOpedia;
			productName = StarWarsOpedia;
			productReference = 1FFB53A128AE699700B6DC7E /* StarWarsOpedia.app */;
			productType = "com.apple.product-type.application";
		};
/* End PBXNativeTarget section */

/* Begin PBXProject section */
		1FFB539928AE699700B6DC7E /* Project object */ = {
			isa = PBXProject;
			attributes = {
				LastSwiftUpdateCheck = 1250;
				LastUpgradeCheck = 1250;
				TargetAttributes = {
					1FFB53A028AE699700B6DC7E = {
						CreatedOnToolsVersion = 12.5.1;
					};
				};
			};
			buildConfigurationList = 1FFB539C28AE699700B6DC7E /* Build configuration list for PBXProject "StarWarsOpedia" */;
			compatibilityVersion = "Xcode 9.3";
			developmentRegion = en;
			hasScannedForEncodings = 0;
			knownRegions = (
				en,
				Base,
			);
			mainGroup = 1FFB539828AE699700B6DC7E;
			productRefGroup = 1FFB53A228AE699700B6DC7E /* Products */;
			projectDirPath = "";
			projectRoot = "";
			targets = (
				1FFB53A028AE699700B6DC7E /* StarWarsOpedia */,
			);
		};
/* End PBXProject section */

/* Begin PBXResourcesBuildPhase section */
		1FFB539F28AE699700B6DC7E /* Resources */ = {
			isa = PBXResourcesBuildPhase;
			buildActionMask = 2147483647;
			files = (
				1FFB53B128AE699A00B6DC7E /* LaunchScreen.storyboard in Resources */,
				1FFB53AE28AE699A00B6DC7E /* Preview Assets.xcassets in Resources */,
				1FFB53AB28AE699A00B6DC7E /* Assets.xcassets in Resources */,
			);
			runOnlyForDeploymentPostprocessing = 0;
		};
/* End PBXResourcesBuildPhase section */

/* Begin PBXShellScriptBuildPhase section */
		24D34E5111902BC81604CDF7 /* [CP] Check Pods Manifest.lock */ = {
			isa = PBXShellScriptBuildPhase;
			buildActionMask = 2147483647;
			files = (
			);
			inputFileListPaths = (
			);
			inputPaths = (
				"${PODS_PODFILE_DIR_PATH}/Podfile.lock",
				"${PODS_ROOT}/Manifest.lock",
			);
			name = "[CP] Check Pods Manifest.lock";
			outputFileListPaths = (
			);
			outputPaths = (
				"$(DERIVED_FILE_DIR)/Pods-StarWarsOpedia-checkManifestLockResult.txt",
			);
			runOnlyForDeploymentPostprocessing = 0;
			shellPath = /bin/sh;
			shellScript = "diff \"${PODS_PODFILE_DIR_PATH}/Podfile.lock\" \"${PODS_ROOT}/Manifest.lock\" > /dev/null\nif [ $? != 0 ] ; then\n    # print error to STDERR\n    echo \"error: The sandbox is not in sync with the Podfile.lock. Run 'pod install' or update your CocoaPods installation.\" >&2\n    exit 1\nfi\n# This output is used by Xcode 'outputs' to avoid re-running this script phase.\necho \"SUCCESS\" > \"${SCRIPT_OUTPUT_FILE_0}\"\n";
			showEnvVarsInLog = 0;
		};
		FEF847A8E82A0FC5F8055D08 /* [CP] Embed Pods Frameworks */ = {
			isa = PBXShellScriptBuildPhase;
			buildActionMask = 2147483647;
			files = (
			);
			inputFileListPaths = (
				"${PODS_ROOT}/Target Support Files/Pods-StarWarsOpedia/Pods-StarWarsOpedia-frameworks-${CONFIGURATION}-input-files.xcfilelist",
			);
			name = "[CP] Embed Pods Frameworks";
			outputFileListPaths = (
				"${PODS_ROOT}/Target Support Files/Pods-StarWarsOpedia/Pods-StarWarsOpedia-frameworks-${CONFIGURATION}-output-files.xcfilelist",
			);
			runOnlyForDeploymentPostprocessing = 0;
			shellPath = /bin/sh;
			shellScript = "\"${PODS_ROOT}/Target Support Files/Pods-StarWarsOpedia/Pods-StarWarsOpedia-frameworks.sh\"\n";
			showEnvVarsInLog = 0;
		};
/* End PBXShellScriptBuildPhase section */

/* Begin PBXSourcesBuildPhase section */
		1FFB539D28AE699700B6DC7E /* Sources */ = {
			isa = PBXSourcesBuildPhase;
			buildActionMask = 2147483647;
			files = (
				1FFB53A528AE699700B6DC7E /* AppDelegate.swift in Sources */,
				1FFB53A728AE699700B6DC7E /* SceneDelegate.swift in Sources */,
				1FFB53A928AE699700B6DC7E /* ContentView.swift in Sources */,
			);
			runOnlyForDeploymentPostprocessing = 0;
		};
/* End PBXSourcesBuildPhase section */

/* Begin PBXVariantGroup section */
		1FFB53AF28AE699A00B6DC7E /* LaunchScreen.storyboard */ = {
			isa = PBXVariantGroup;
			children = (
				1FFB53B028AE699A00B6DC7E /* Base */,
			);
			name = LaunchScreen.storyboard;
			sourceTree = "<group>";
		};
/* End PBXVariantGroup section */

/* Begin XCBuildConfiguration section */
		1FFB53B328AE699A00B6DC7E /* Debug */ = {
			isa = XCBuildConfiguration;
			buildSettings = {
				ALWAYS_SEARCH_USER_PATHS = NO;
				CLANG_ANALYZER_NONNULL = YES;
				CLANG_ANALYZER_NUMBER_OBJECT_CONVERSION = YES_AGGRESSIVE;
				CLANG_CXX_LANGUAGE_STANDARD = "gnu++14";
				CLANG_CXX_LIBRARY = "libc++";
				CLANG_ENABLE_MODULES = YES;
				CLANG_ENABLE_OBJC_ARC = YES;
				CLANG_ENABLE_OBJC_WEAK = YES;
				CLANG_WARN_BLOCK_CAPTURE_AUTORELEASING = YES;
				CLANG_WARN_BOOL_CONVERSION = YES;
				CLANG_WARN_COMMA = YES;
				CLANG_WARN_CONSTANT_CONVERSION = YES;
				CLANG_WARN_DEPRECATED_OBJC_IMPLEMENTATIONS = YES;
				CLANG_WARN_DIRECT_OBJC_ISA_USAGE = YES_ERROR;
				CLANG_WARN_DOCUMENTATION_COMMENTS = YES;
				CLANG_WARN_EMPTY_BODY = YES;
				CLANG_WARN_ENUM_CONVERSION = YES;
				CLANG_WARN_INFINITE_RECURSION = YES;
				CLANG_WARN_INT_CONVERSION = YES;
				CLANG_WARN_NON_LITERAL_NULL_CONVERSION = YES;
				CLANG_WARN_OBJC_IMPLICIT_RETAIN_SELF = YES;
				CLANG_WARN_OBJC_LITERAL_CONVERSION = YES;
				CLANG_WARN_OBJC_ROOT_CLASS = YES_ERROR;
				CLANG_WARN_QUOTED_INCLUDE_IN_FRAMEWORK_HEADER = YES;
				CLANG_WARN_RANGE_LOOP_ANALYSIS = YES;
				CLANG_WARN_STRICT_PROTOTYPES = YES;
				CLANG_WARN_SUSPICIOUS_MOVE = YES;
				CLANG_WARN_UNGUARDED_AVAILABILITY = YES_AGGRESSIVE;
				CLANG_WARN_UNREACHABLE_CODE = YES;
				CLANG_WARN__DUPLICATE_METHOD_MATCH = YES;
				COPY_PHASE_STRIP = NO;
				DEBUG_INFORMATION_FORMAT = dwarf;
				ENABLE_STRICT_OBJC_MSGSEND = YES;
				ENABLE_TESTABILITY = YES;
				GCC_C_LANGUAGE_STANDARD = gnu11;
				GCC_DYNAMIC_NO_PIC = NO;
				GCC_NO_COMMON_BLOCKS = YES;
				GCC_OPTIMIZATION_LEVEL = 0;
				GCC_PREPROCESSOR_DEFINITIONS = (
					"DEBUG=1",
					"$(inherited)",
				);
				GCC_WARN_64_TO_32_BIT_CONVERSION = YES;
				GCC_WARN_ABOUT_RETURN_TYPE = YES_ERROR;
				GCC_WARN_UNDECLARED_SELECTOR = YES;
				GCC_WARN_UNINITIALIZED_AUTOS = YES_AGGRESSIVE;
				GCC_WARN_UNUSED_FUNCTION = YES;
				GCC_WARN_UNUSED_VARIABLE = YES;
				IPHONEOS_DEPLOYMENT_TARGET = 14.5;
				MTL_ENABLE_DEBUG_INFO = INCLUDE_SOURCE;
				MTL_FAST_MATH = YES;
				ONLY_ACTIVE_ARCH = YES;
				SDKROOT = iphoneos;
				SWIFT_ACTIVE_COMPILATION_CONDITIONS = DEBUG;
				SWIFT_OPTIMIZATION_LEVEL = "-Onone";
			};
			name = Debug;
		};
		1FFB53B428AE699A00B6DC7E /* Release */ = {
			isa = XCBuildConfiguration;
			buildSettings = {
				ALWAYS_SEARCH_USER_PATHS = NO;
				CLANG_ANALYZER_NONNULL = YES;
				CLANG_ANALYZER_NUMBER_OBJECT_CONVERSION = YES_AGGRESSIVE;
				CLANG_CXX_LANGUAGE_STANDARD = "gnu++14";
				CLANG_CXX_LIBRARY = "libc++";
				CLANG_ENABLE_MODULES = YES;
				CLANG_ENABLE_OBJC_ARC = YES;
				CLANG_ENABLE_OBJC_WEAK = YES;
				CLANG_WARN_BLOCK_CAPTURE_AUTORELEASING = YES;
				CLANG_WARN_BOOL_CONVERSION = YES;
				CLANG_WARN_COMMA = YES;
				CLANG_WARN_CONSTANT_CONVERSION = YES;
				CLANG_WARN_DEPRECATED_OBJC_IMPLEMENTATIONS = YES;
				CLANG_WARN_DIRECT_OBJC_ISA_USAGE = YES_ERROR;
				CLANG_WARN_DOCUMENTATION_COMMENTS = YES;
				CLANG_WARN_EMPTY_BODY = YES;
				CLANG_WARN_ENUM_CONVERSION = YES;
				CLANG_WARN_INFINITE_RECURSION = YES;
				CLANG_WARN_INT_CONVERSION = YES;
				CLANG_WARN_NON_LITERAL_NULL_CONVERSION = YES;
				CLANG_WARN_OBJC_IMPLICIT_RETAIN_SELF = YES;
				CLANG_WARN_OBJC_LITERAL_CONVERSION = YES;
				CLANG_WARN_OBJC_ROOT_CLASS = YES_ERROR;
				CLANG_WARN_QUOTED_INCLUDE_IN_FRAMEWORK_HEADER = YES;
				CLANG_WARN_RANGE_LOOP_ANALYSIS = YES;
				CLANG_WARN_STRICT_PROTOTYPES = YES;
				CLANG_WARN_SUSPICIOUS_MOVE = YES;
				CLANG_WARN_UNGUARDED_AVAILABILITY = YES_AGGRESSIVE;
				CLANG_WARN_UNREACHABLE_CODE = YES;
				CLANG_WARN__DUPLICATE_METHOD_MATCH = YES;
				COPY_PHASE_STRIP = NO;
				DEBUG_INFORMATION_FORMAT = "dwarf-with-dsym";
				ENABLE_NS_ASSERTIONS = NO;
				ENABLE_STRICT_OBJC_MSGSEND = YES;
				GCC_C_LANGUAGE_STANDARD = gnu11;
				GCC_NO_COMMON_BLOCKS = YES;
				GCC_WARN_64_TO_32_BIT_CONVERSION = YES;
				GCC_WARN_ABOUT_RETURN_TYPE = YES_ERROR;
				GCC_WARN_UNDECLARED_SELECTOR = YES;
				GCC_WARN_UNINITIALIZED_AUTOS = YES_AGGRESSIVE;
				GCC_WARN_UNUSED_FUNCTION = YES;
				GCC_WARN_UNUSED_VARIABLE = YES;
				IPHONEOS_DEPLOYMENT_TARGET = 14.5;
				MTL_ENABLE_DEBUG_INFO = NO;
				MTL_FAST_MATH = YES;
				SDKROOT = iphoneos;
				SWIFT_COMPILATION_MODE = wholemodule;
				SWIFT_OPTIMIZATION_LEVEL = "-O";
				VALIDATE_PRODUCT = YES;
			};
			name = Release;
		};
		1FFB53B628AE699A00B6DC7E /* Debug */ = {
			isa = XCBuildConfiguration;
			baseConfigurationReference = 99EC6B97DA0D7A728B285079 /* Pods-StarWarsOpedia.debug.xcconfig */;
			buildSettings = {
				ASSETCATALOG_COMPILER_APPICON_NAME = AppIcon;
				ASSETCATALOG_COMPILER_GLOBAL_ACCENT_COLOR_NAME = AccentColor;
				CODE_SIGN_STYLE = Automatic;
				DEVELOPMENT_ASSET_PATHS = "\"StarWarsOpedia/Preview Content\"";
				DEVELOPMENT_TEAM = YR249V2BPM;
				ENABLE_PREVIEWS = YES;
				INFOPLIST_FILE = StarWarsOpedia/Info.plist;
				LD_RUNPATH_SEARCH_PATHS = (
					"$(inherited)",
					"@executable_path/Frameworks",
				);
				PRODUCT_BUNDLE_IDENTIFIER = lancelap.StarWarsOpedia;
				PRODUCT_NAME = "$(TARGET_NAME)";
				SWIFT_VERSION = 5.0;
				TARGETED_DEVICE_FAMILY = "1,2";
			};
			name = Debug;
		};
		1FFB53B728AE699A00B6DC7E /* Release */ = {
			isa = XCBuildConfiguration;
			baseConfigurationReference = 418FA72BE459243FF5021052 /* Pods-StarWarsOpedia.release.xcconfig */;
			buildSettings = {
				ASSETCATALOG_COMPILER_APPICON_NAME = AppIcon;
				ASSETCATALOG_COMPILER_GLOBAL_ACCENT_COLOR_NAME = AccentColor;
				CODE_SIGN_STYLE = Automatic;
				DEVELOPMENT_ASSET_PATHS = "\"StarWarsOpedia/Preview Content\"";
				DEVELOPMENT_TEAM = YR249V2BPM;
				ENABLE_PREVIEWS = YES;
				INFOPLIST_FILE = StarWarsOpedia/Info.plist;
				LD_RUNPATH_SEARCH_PATHS = (
					"$(inherited)",
					"@executable_path/Frameworks",
				);
				PRODUCT_BUNDLE_IDENTIFIER = lancelap.StarWarsOpedia;
				PRODUCT_NAME = "$(TARGET_NAME)";
				SWIFT_VERSION = 5.0;
				TARGETED_DEVICE_FAMILY = "1,2";
			};
			name = Release;
		};
/* End XCBuildConfiguration section */

/* Begin XCConfigurationList section */
		1FFB539C28AE699700B6DC7E /* Build configuration list for PBXProject "StarWarsOpedia" */ = {
			isa = XCConfigurationList;
			buildConfigurations = (
				1FFB53B328AE699A00B6DC7E /* Debug */,
				1FFB53B428AE699A00B6DC7E /* Release */,
			);
			defaultConfigurationIsVisible = 0;
			defaultConfigurationName = Release;
		};
		1FFB53B528AE699A00B6DC7E /* Build configuration list for PBXNativeTarget "StarWarsOpedia" */ = {
			isa = XCConfigurationList;
			buildConfigurations = (
				1FFB53B628AE699A00B6DC7E /* Debug */,
				1FFB53B728AE699A00B6DC7E /* Release */,
			);
			defaultConfigurationIsVisible = 0;
			defaultConfigurationName = Release;
		};
/* End XCConfigurationList section */
	};
	rootObject = 1FFB539928AE699700B6DC7E /* Project object */;
}
